<?xml version="1.0" encoding="utf-8"?>
<Project ToolsVersion="4.0" xmlns="http://schemas.microsoft.com/developer/msbuild/2003">
  <ItemGroup>
    <Filter Include="00. MainApp">
      <UniqueIdentifier>{9c46373e-a377-403a-9159-6095957add80}</UniqueIdentifier>
    </Filter>
    <Filter Include="98. Default">
      <UniqueIdentifier>{0126b1ee-49f0-4580-9f9c-9314a1ccce12}</UniqueIdentifier>
    </Filter>
    <Filter Include="99. Defines">
      <UniqueIdentifier>{7f4d53a8-2b42-4233-b67d-5143d77d3441}</UniqueIdentifier>
    </Filter>
    <Filter Include="01. Levels">
      <UniqueIdentifier>{684aae44-31c5-4ae5-adfc-f11436402625}</UniqueIdentifier>
    </Filter>
    <Filter Include="01. Levels\00. Loading">
      <UniqueIdentifier>{94c71c99-143c-4e8a-ab31-0a98a2f51e2b}</UniqueIdentifier>
    </Filter>
    <Filter Include="01. Levels\00. Loading\Loader">
      <UniqueIdentifier>{4d5cf12a-7f5b-4c5c-8ba8-8f8ffb0342a6}</UniqueIdentifier>
    </Filter>
    <Filter Include="01. Levels\01. Logo">
      <UniqueIdentifier>{5123e4f2-1295-4897-b067-a2ab5900d3b5}</UniqueIdentifier>
    </Filter>
    <Filter Include="01. Levels\02. GamePlay">
      <UniqueIdentifier>{6f94ae08-02bc-48d4-b172-c61687b0fa60}</UniqueIdentifier>
    </Filter>
    <Filter Include="02. GameObject">
      <UniqueIdentifier>{d1c38ff1-cf37-434d-8617-a4096f77e17e}</UniqueIdentifier>
    </Filter>
    <Filter Include="02. GameObject\Camera">
      <UniqueIdentifier>{9fcface3-848a-4204-a409-713e389c3200}</UniqueIdentifier>
    </Filter>
    <Filter Include="02. GameObject\Test_Cube">
      <UniqueIdentifier>{37c3bb8f-9cba-4bc3-8881-e8fcf8025d0e}</UniqueIdentifier>
    </Filter>
    <Filter Include="02. GameObject\Player">
      <UniqueIdentifier>{4fd095e4-3237-4122-be3f-53d90416c59d}</UniqueIdentifier>
    </Filter>
    <Filter Include="02. GameObject\Player\Player_Toodee">
      <UniqueIdentifier>{e3b25ffd-c3c0-4b6a-a712-0bc59349e5fa}</UniqueIdentifier>
    </Filter>
    <Filter Include="02. GameObject\Player\Player_Topdee">
      <UniqueIdentifier>{c750e078-5eff-43ca-a90f-4ff498e72c87}</UniqueIdentifier>
    </Filter>
    <Filter Include="02. GameObject\Player\PlayerStates">
      <UniqueIdentifier>{c3735abc-2ed4-496b-b0a9-88325bce77a5}</UniqueIdentifier>
    </Filter>
    <Filter Include="02. GameObject\Player\PlayerStates\Idle">
      <UniqueIdentifier>{d0da3cf1-06de-4f89-a3a0-55eec1847c55}</UniqueIdentifier>
    </Filter>
    <Filter Include="02. GameObject\Player\PlayerStates\Move">
      <UniqueIdentifier>{6806defc-9636-4726-8941-0ca71c138ecd}</UniqueIdentifier>
    </Filter>
    <Filter Include="02. GameObject\Player\PlayerStates\Action">
      <UniqueIdentifier>{2018c6b0-f0b2-4f3a-8fe8-e09ab5bf214d}</UniqueIdentifier>
    </Filter>
    <Filter Include="02. GameObject\Player\PlayerStates\Clear">
      <UniqueIdentifier>{d3d7e5f9-4353-4a6b-ba19-c1c771099d2b}</UniqueIdentifier>
    </Filter>
    <Filter Include="02. GameObject\Player\PlayerStates\Dead">
      <UniqueIdentifier>{9b3d016c-e6e1-462f-b987-1f803d92aaa8}</UniqueIdentifier>
    </Filter>
    <Filter Include="02. GameObject\Player\PlayerStates\Stop">
      <UniqueIdentifier>{62f65a7f-d5ea-41b0-8d32-c5f5a5e7b381}</UniqueIdentifier>
    </Filter>
  </ItemGroup>
  <ItemGroup>
    <ClInclude Include="..\public\MainApp.h">
      <Filter>00. MainApp</Filter>
    </ClInclude>
    <ClInclude Include="Client.h">
      <Filter>98. Default</Filter>
    </ClInclude>
    <ClInclude Include="framework.h">
      <Filter>98. Default</Filter>
    </ClInclude>
    <ClInclude Include="Resource.h">
      <Filter>98. Default</Filter>
    </ClInclude>
    <ClInclude Include="targetver.h">
      <Filter>98. Default</Filter>
    </ClInclude>
    <ClInclude Include="..\Public\Client_Defines.h">
      <Filter>99. Defines</Filter>
    </ClInclude>
    <ClInclude Include="..\public\Loader.h">
      <Filter>01. Levels\00. Loading\Loader</Filter>
    </ClInclude>
    <ClInclude Include="..\public\Level_Loading.h">
      <Filter>01. Levels\00. Loading</Filter>
    </ClInclude>
    <ClInclude Include="..\public\Level_Logo.h">
      <Filter>01. Levels\01. Logo</Filter>
    </ClInclude>
    <ClInclude Include="..\public\Level_GamePlay.h">
      <Filter>01. Levels\02. GamePlay</Filter>
    </ClInclude>
    <ClInclude Include="..\public\Camera.h">
      <Filter>02. GameObject\Camera</Filter>
    </ClInclude>
    <ClInclude Include="..\public\Test_Cube.h">
      <Filter>02. GameObject\Test_Cube</Filter>
    </ClInclude>
    <ClInclude Include="..\public\Player.h">
      <Filter>02. GameObject\Player</Filter>
    </ClInclude>
    <ClInclude Include="..\public\Player_Toodee.h">
      <Filter>02. GameObject\Player\Player_Toodee</Filter>
    </ClInclude>
    <ClInclude Include="..\public\Player_Topdee.h">
      <Filter>02. GameObject\Player\Player_Topdee</Filter>
    </ClInclude>
    <ClInclude Include="..\public\PlayerState.h">
      <Filter>02. GameObject\Player\PlayerStates</Filter>
    </ClInclude>
    <ClInclude Include="..\public\State_Idle.h">
      <Filter>02. GameObject\Player\PlayerStates\Idle</Filter>
    </ClInclude>
    <ClInclude Include="..\public\State_Move.h">
      <Filter>02. GameObject\Player\PlayerStates\Move</Filter>
    </ClInclude>
    <ClInclude Include="..\public\State_Action.h">
      <Filter>02. GameObject\Player\PlayerStates\Action</Filter>
    </ClInclude>
    <ClInclude Include="..\public\State_Clear.h">
      <Filter>02. GameObject\Player\PlayerStates\Clear</Filter>
    </ClInclude>
    <ClInclude Include="..\public\State_Stop.h">
      <Filter>02. GameObject\Player\PlayerStates\Stop</Filter>
    </ClInclude>
  </ItemGroup>
  <ItemGroup>
    <ClCompile Include="..\private\MainApp.cpp">
      <Filter>00. MainApp</Filter>
    </ClCompile>
    <ClCompile Include="Client.cpp">
      <Filter>98. Default</Filter>
    </ClCompile>
    <ClCompile Include="..\private\Loader.cpp">
      <Filter>01. Levels\00. Loading\Loader</Filter>
    </ClCompile>
    <ClCompile Include="..\private\Level_Loading.cpp">
      <Filter>01. Levels\00. Loading</Filter>
    </ClCompile>
    <ClCompile Include="..\private\Level_Logo.cpp">
      <Filter>01. Levels\01. Logo</Filter>
    </ClCompile>
    <ClCompile Include="..\private\Level_GamePlay.cpp">
      <Filter>01. Levels\02. GamePlay</Filter>
    </ClCompile>
    <ClCompile Include="..\private\Camera.cpp">
      <Filter>02. GameObject\Camera</Filter>
    </ClCompile>
    <ClCompile Include="..\private\Test_Cube.cpp">
      <Filter>02. GameObject\Test_Cube</Filter>
    </ClCompile>
    <ClCompile Include="..\private\Player.cpp">
      <Filter>02. GameObject\Player</Filter>
    </ClCompile>
    <ClCompile Include="..\private\Player_Toodee.cpp">
      <Filter>02. GameObject\Player\Player_Toodee</Filter>
    </ClCompile>
    <ClCompile Include="..\private\Player_Topdee.cpp">
      <Filter>02. GameObject\Player\Player_Topdee</Filter>
    </ClCompile>
    <ClCompile Include="..\private\PlayerState.cpp">
      <Filter>02. GameObject\Player\PlayerStates</Filter>
    </ClCompile>
    <ClCompile Include="..\private\State_Idle.cpp">
      <Filter>02. GameObject\Player\PlayerStates\Idle</Filter>
    </ClCompile>
    <ClCompile Include="..\private\State_Move.cpp">
      <Filter>02. GameObject\Player\PlayerStates\Move</Filter>
    </ClCompile>
    <ClCompile Include="..\private\State_Action.cpp">
      <Filter>02. GameObject\Player\PlayerStates\Action</Filter>
    </ClCompile>
    <ClCompile Include="..\private\State_Clear.cpp">
      <Filter>02. GameObject\Player\PlayerStates\Clear</Filter>
    </ClCompile>
    <ClCompile Include="..\private\State_Stop.cpp">
      <Filter>02. GameObject\Player\PlayerStates\Stop</Filter>
    </ClCompile>
  </ItemGroup>
  <ItemGroup>
    <Image Include="Client.ico">
      <Filter>98. Default</Filter>
    </Image>
    <Image Include="small.ico">
      <Filter>98. Default</Filter>
    </Image>
  </ItemGroup>
  <ItemGroup>
    <ResourceCompile Include="Client.rc">
      <Filter>98. Default</Filter>
    </ResourceCompile>
  </ItemGroup>
</Project>